{
    "name": "tsb",
    "version": "3.0.0",
    "lockfileVersion": 3,
    "requires": true,
    "packages": {
        "": {
            "name": "tsb",
            "version": "3.0.0",
            "license": "MIT",
            "dependencies": {
                "@koschel-christoph/node.options": "^1.0.2",
                "@types/uglify-js": "^3.17.5",
                "fnv-plus": "^1.3.1",
                "typescript": "^5.5.4",
                "uglify-js": "^3.19.1"
            },
            "bin": {
                "tsb": "out/bin/tsb.js"
            },
            "devDependencies": {
                "@types/fnv-plus": "^1.3.2",
                "@types/node": "^20.14.12"
            }
        },
        "node_modules/@koschel-christoph/node.options": {
            "version": "1.0.2",
            "resolved": "https://registry.npmjs.org/@koschel-christoph/node.options/-/node.options-1.0.2.tgz",
            "integrity": "sha512-FgxDBJ6ZupKsFPEMw+8KyMp1YBCV/2tucR+jq9WK8ZV6RFXDawxSOQEbU+5j1f0vl5oDzXUTio4pdwdMgyCsfw==",
            "dependencies": {
                "@types/node": "^20.14.10"
            }
        },
        "node_modules/@types/fnv-plus": {
            "version": "1.3.2",
            "resolved": "https://registry.npmjs.org/@types/fnv-plus/-/fnv-plus-1.3.2.tgz",
            "integrity": "sha512-Bgr5yn2dph2q8HZKDS002Pob6vaRTRfhqN9E+TOhjKsJvnfZXULPR3ihH8dL5ZjgxbNhqhTn9hijpbAMPtKZzw==",
            "dev": true
        },
        "node_modules/@types/node": {
            "version": "20.14.12",
            "resolved": "https://registry.npmjs.org/@types/node/-/node-20.14.12.tgz",
            "integrity": "sha512-r7wNXakLeSsGT0H1AU863vS2wa5wBOK4bWMjZz2wj+8nBx+m5PeIn0k8AloSLpRuiwdRQZwarZqHE4FNArPuJQ==",
            "dependencies": {
                "undici-types": "~5.26.4"
            }
        },
        "node_modules/@types/uglify-js": {
            "version": "3.17.5",
            "resolved": "https://registry.npmjs.org/@types/uglify-js/-/uglify-js-3.17.5.tgz",
            "integrity": "sha512-TU+fZFBTBcXj/GpDpDaBmgWk/gn96kMZ+uocaFUlV2f8a6WdMzzI44QBCmGcCiYR0Y6ZlNRiyUyKKt5nl/lbzQ==",
            "dependencies": {
                "source-map": "^0.6.1"
            }
        },
        "node_modules/fnv-plus": {
            "version": "1.3.1",
            "resolved": "https://registry.npmjs.org/fnv-plus/-/fnv-plus-1.3.1.tgz",
            "integrity": "sha512-Gz1EvfOneuFfk4yG458dJ3TLJ7gV19q3OM/vVvvHf7eT02Hm1DleB4edsia6ahbKgAYxO9gvyQ1ioWZR+a00Yw=="
        },
        "node_modules/source-map": {
            "version": "0.6.1",
            "resolved": "https://registry.npmjs.org/source-map/-/source-map-0.6.1.tgz",
            "integrity": "sha512-UjgapumWlbMhkBgzT7Ykc5YXUT46F0iKu8SGXq0bcwP5dz/h0Plj6enJqjz1Zbq2l5WaqYnrVbwWOWMyF3F47g==",
            "engines": {
                "node": ">=0.10.0"
            }
        },
        "node_modules/typescript": {
            "version": "5.5.4",
            "resolved": "https://registry.npmjs.org/typescript/-/typescript-5.5.4.tgz",
            "integrity": "sha512-Mtq29sKDAEYP7aljRgtPOpTvOfbwRWlS6dPRzwjdE+C0R4brX/GUyhHSecbHMFLNBLcJIPt9nl9yG5TZ1weH+Q==",
            "bin": {
                "tsc": "bin/tsc",
                "tsserver": "bin/tsserver"
            },
            "engines": {
                "node": ">=14.17"
            }
        },
        "node_modules/uglify-js": {
            "version": "3.19.1",
            "resolved": "https://registry.npmjs.org/uglify-js/-/uglify-js-3.19.1.tgz",
            "integrity": "sha512-y/2wiW+ceTYR2TSSptAhfnEtpLaQ4Ups5zrjB2d3kuVxHj16j/QJwPl5PvuGy9uARb39J0+iKxcRPvtpsx4A4A==",
            "bin": {
                "uglifyjs": "bin/uglifyjs"
            },
            "engines": {
                "node": ">=0.8.0"
            }
        },
        "node_modules/undici-types": {
            "version": "5.26.5",
            "resolved": "https://registry.npmjs.org/undici-types/-/undici-types-5.26.5.tgz",
            "integrity": "sha512-JlCMO+ehdEIKqlFxk6IfVoAUVmgz7cU7zD/h9XZ0qzeosSHmUJVOzSQvvYSYWXkFXC+IfLKSIffhv0sVZup6pA=="
        }
    }
}
